{
  "name": "RagProject",
  "lockfileVersion": 3,
  "requires": true,
  "packages": {
    "": {
      "dependencies": {
        "@google/generative-ai": "^0.24.1",
        "generative-ai": "^0.1.4"
      }
    },
    "node_modules/@google/generative-ai": {
      "version": "0.24.1",
      "resolved": "https://registry.npmjs.org/@google/generative-ai/-/generative-ai-0.24.1.tgz",
      "integrity": "sha512-MqO+MLfM6kjxcKoy0p1wRzG3b4ZZXtPI+z2IE26UogS2Cm/XHO+7gGRBh6gcJsOiIVoH93UwKvW4HdgiOZCy9Q==",
      "license": "Apache-2.0",
      "engines": {
        "node": ">=18.0.0"
      }
    },
    "node_modules/generative-ai": {
      "version": "0.1.4",
      "resolved": "https://registry.npmjs.org/generative-ai/-/generative-ai-0.1.4.tgz",
      "integrity": "sha512-LEzvbciabASxQFtJ3sGw/ePjPwl2F++xPEjXZ404vM78OSWY4TWSOw9jwDfU61onm2oQEIxrXqQidDQaOxUegA==",
      "license": "Apache-2.0",
      "engines": {
        "node": ">=18.0.0"
      }
    }
  }
}
